// !$*UTF8*$!
{
	archiveVersion = 1;
	classes = {
	};
	objectVersion = 56;
	objects = {

/* Begin PBXBuildFile section */
		E731DC9029E5F1F600F15C3A /* CritterCellView.swift in Sources */ = {isa = PBXBuildFile; fileRef = E731DC8F29E5F1F600F15C3A /* CritterCellView.swift */; };
		E731DCA329ECC5FE00F15C3A /* CritterViewModel.swift in Sources */ = {isa = PBXBuildFile; fileRef = E731DCA229ECC5FE00F15C3A /* CritterViewModel.swift */; };
		E731DCA529ECC69D00F15C3A /* CritterImage.swift in Sources */ = {isa = PBXBuildFile; fileRef = E731DCA429ECC69D00F15C3A /* CritterImage.swift */; };
		E731DCAC29EE21B400F15C3A /* AddCritterViewModel.swift in Sources */ = {isa = PBXBuildFile; fileRef = E731DCAB29EE21B400F15C3A /* AddCritterViewModel.swift */; };
		E731DCAF29F01F4500F15C3A /* CritterDetailsView.swift in Sources */ = {isa = PBXBuildFile; fileRef = E731DCAE29F01F4500F15C3A /* CritterDetailsView.swift */; };
		E731DCB129F027F700F15C3A /* CritterTaskTab.swift in Sources */ = {isa = PBXBuildFile; fileRef = E731DCB029F027F700F15C3A /* CritterTaskTab.swift */; };
		E731DCB329F0281000F15C3A /* CritterOptionsTab.swift in Sources */ = {isa = PBXBuildFile; fileRef = E731DCB229F0281000F15C3A /* CritterOptionsTab.swift */; };
		E731DCB529F0289600F15C3A /* CritterDetailTab.swift in Sources */ = {isa = PBXBuildFile; fileRef = E731DCB429F0289600F15C3A /* CritterDetailTab.swift */; };
		E731DCB829F042BF00F15C3A /* AgeOptionView.swift in Sources */ = {isa = PBXBuildFile; fileRef = E731DCB729F042BF00F15C3A /* AgeOptionView.swift */; };
		E7347AB929E3A483005240A1 /* Critter_LogApp.swift in Sources */ = {isa = PBXBuildFile; fileRef = E7347AB829E3A483005240A1 /* Critter_LogApp.swift */; };
		E7347ABB29E3A483005240A1 /* ContentView.swift in Sources */ = {isa = PBXBuildFile; fileRef = E7347ABA29E3A483005240A1 /* ContentView.swift */; };
		E7347ABD29E3A483005240A1 /* Assets.xcassets in Resources */ = {isa = PBXBuildFile; fileRef = E7347ABC29E3A483005240A1 /* Assets.xcassets */; };
		E7347AC029E3A483005240A1 /* Preview Assets.xcassets in Resources */ = {isa = PBXBuildFile; fileRef = E7347ABF29E3A483005240A1 /* Preview Assets.xcassets */; };
		E7347ACA29E3A483005240A1 /* Critter_LogTests.swift in Sources */ = {isa = PBXBuildFile; fileRef = E7347AC929E3A483005240A1 /* Critter_LogTests.swift */; };
		E7347AD429E3A483005240A1 /* Critter_LogUITests.swift in Sources */ = {isa = PBXBuildFile; fileRef = E7347AD329E3A483005240A1 /* Critter_LogUITests.swift */; };
		E7347AD629E3A483005240A1 /* Critter_LogUITestsLaunchTests.swift in Sources */ = {isa = PBXBuildFile; fileRef = E7347AD529E3A483005240A1 /* Critter_LogUITestsLaunchTests.swift */; };
		E79A97EE29E4365D0099B9A6 /* CritterView.swift in Sources */ = {isa = PBXBuildFile; fileRef = E79A97ED29E4365D0099B9A6 /* CritterView.swift */; };
		E79A97F129E436950099B9A6 /* FileManager.swift in Sources */ = {isa = PBXBuildFile; fileRef = E79A97F029E436950099B9A6 /* FileManager.swift */; };
		E79A97F329E43E240099B9A6 /* Constants.swift in Sources */ = {isa = PBXBuildFile; fileRef = E79A97F229E43E240099B9A6 /* Constants.swift */; };
		E79A97F529E448730099B9A6 /* CritterViewHeader.swift in Sources */ = {isa = PBXBuildFile; fileRef = E79A97F429E448730099B9A6 /* CritterViewHeader.swift */; };
		E79A97F729E459C90099B9A6 /* Critter.swift in Sources */ = {isa = PBXBuildFile; fileRef = E79A97F629E459C90099B9A6 /* Critter.swift */; };
		E79A97F929E45A050099B9A6 /* CritterData.swift in Sources */ = {isa = PBXBuildFile; fileRef = E79A97F829E45A050099B9A6 /* CritterData.swift */; };
		E79A97FD29E57F8B0099B9A6 /* AddCritterView.swift in Sources */ = {isa = PBXBuildFile; fileRef = E79A97FC29E57F8B0099B9A6 /* AddCritterView.swift */; };
/* End PBXBuildFile section */

/* Begin PBXContainerItemProxy section */
		E7347AC629E3A483005240A1 /* PBXContainerItemProxy */ = {
			isa = PBXContainerItemProxy;
			containerPortal = E7347AAD29E3A482005240A1 /* Project object */;
			proxyType = 1;
			remoteGlobalIDString = E7347AB429E3A482005240A1;
			remoteInfo = "Critter Log";
		};
		E7347AD029E3A483005240A1 /* PBXContainerItemProxy */ = {
			isa = PBXContainerItemProxy;
			containerPortal = E7347AAD29E3A482005240A1 /* Project object */;
			proxyType = 1;
			remoteGlobalIDString = E7347AB429E3A482005240A1;
			remoteInfo = "Critter Log";
		};
/* End PBXContainerItemProxy section */

/* Begin PBXFileReference section */
		E731DC8F29E5F1F600F15C3A /* CritterCellView.swift */ = {isa = PBXFileReference; lastKnownFileType = sourcecode.swift; path = CritterCellView.swift; sourceTree = "<group>"; };
		E731DCA229ECC5FE00F15C3A /* CritterViewModel.swift */ = {isa = PBXFileReference; lastKnownFileType = sourcecode.swift; path = CritterViewModel.swift; sourceTree = "<group>"; };
		E731DCA429ECC69D00F15C3A /* CritterImage.swift */ = {isa = PBXFileReference; lastKnownFileType = sourcecode.swift; path = CritterImage.swift; sourceTree = "<group>"; };
		E731DCAB29EE21B400F15C3A /* AddCritterViewModel.swift */ = {isa = PBXFileReference; lastKnownFileType = sourcecode.swift; path = AddCritterViewModel.swift; sourceTree = "<group>"; };
		E731DCAE29F01F4500F15C3A /* CritterDetailsView.swift */ = {isa = PBXFileReference; lastKnownFileType = sourcecode.swift; path = CritterDetailsView.swift; sourceTree = "<group>"; };
		E731DCB029F027F700F15C3A /* CritterTaskTab.swift */ = {isa = PBXFileReference; lastKnownFileType = sourcecode.swift; path = CritterTaskTab.swift; sourceTree = "<group>"; };
		E731DCB229F0281000F15C3A /* CritterOptionsTab.swift */ = {isa = PBXFileReference; lastKnownFileType = sourcecode.swift; path = CritterOptionsTab.swift; sourceTree = "<group>"; };
		E731DCB429F0289600F15C3A /* CritterDetailTab.swift */ = {isa = PBXFileReference; lastKnownFileType = sourcecode.swift; path = CritterDetailTab.swift; sourceTree = "<group>"; };
		E731DCB729F042BF00F15C3A /* AgeOptionView.swift */ = {isa = PBXFileReference; lastKnownFileType = sourcecode.swift; path = AgeOptionView.swift; sourceTree = "<group>"; };
		E7347AB529E3A483005240A1 /* Critter Log.app */ = {isa = PBXFileReference; explicitFileType = wrapper.application; includeInIndex = 0; path = "Critter Log.app"; sourceTree = BUILT_PRODUCTS_DIR; };
		E7347AB829E3A483005240A1 /* Critter_LogApp.swift */ = {isa = PBXFileReference; lastKnownFileType = sourcecode.swift; path = Critter_LogApp.swift; sourceTree = "<group>"; };
		E7347ABA29E3A483005240A1 /* ContentView.swift */ = {isa = PBXFileReference; lastKnownFileType = sourcecode.swift; path = ContentView.swift; sourceTree = "<group>"; };
		E7347ABC29E3A483005240A1 /* Assets.xcassets */ = {isa = PBXFileReference; lastKnownFileType = folder.assetcatalog; path = Assets.xcassets; sourceTree = "<group>"; };
		E7347ABF29E3A483005240A1 /* Preview Assets.xcassets */ = {isa = PBXFileReference; lastKnownFileType = folder.assetcatalog; path = "Preview Assets.xcassets"; sourceTree = "<group>"; };
		E7347AC529E3A483005240A1 /* Critter LogTests.xctest */ = {isa = PBXFileReference; explicitFileType = wrapper.cfbundle; includeInIndex = 0; path = "Critter LogTests.xctest"; sourceTree = BUILT_PRODUCTS_DIR; };
		E7347AC929E3A483005240A1 /* Critter_LogTests.swift */ = {isa = PBXFileReference; lastKnownFileType = sourcecode.swift; path = Critter_LogTests.swift; sourceTree = "<group>"; };
		E7347ACF29E3A483005240A1 /* Critter LogUITests.xctest */ = {isa = PBXFileReference; explicitFileType = wrapper.cfbundle; includeInIndex = 0; path = "Critter LogUITests.xctest"; sourceTree = BUILT_PRODUCTS_DIR; };
		E7347AD329E3A483005240A1 /* Critter_LogUITests.swift */ = {isa = PBXFileReference; lastKnownFileType = sourcecode.swift; path = Critter_LogUITests.swift; sourceTree = "<group>"; };
		E7347AD529E3A483005240A1 /* Critter_LogUITestsLaunchTests.swift */ = {isa = PBXFileReference; lastKnownFileType = sourcecode.swift; path = Critter_LogUITestsLaunchTests.swift; sourceTree = "<group>"; };
		E79A97ED29E4365D0099B9A6 /* CritterView.swift */ = {isa = PBXFileReference; lastKnownFileType = sourcecode.swift; path = CritterView.swift; sourceTree = "<group>"; };
		E79A97F029E436950099B9A6 /* FileManager.swift */ = {isa = PBXFileReference; lastKnownFileType = sourcecode.swift; path = FileManager.swift; sourceTree = "<group>"; };
		E79A97F229E43E240099B9A6 /* Constants.swift */ = {isa = PBXFileReference; lastKnownFileType = sourcecode.swift; path = Constants.swift; sourceTree = "<group>"; };
		E79A97F429E448730099B9A6 /* CritterViewHeader.swift */ = {isa = PBXFileReference; lastKnownFileType = sourcecode.swift; path = CritterViewHeader.swift; sourceTree = "<group>"; };
		E79A97F629E459C90099B9A6 /* Critter.swift */ = {isa = PBXFileReference; lastKnownFileType = sourcecode.swift; path = Critter.swift; sourceTree = "<group>"; };
		E79A97F829E45A050099B9A6 /* CritterData.swift */ = {isa = PBXFileReference; lastKnownFileType = sourcecode.swift; path = CritterData.swift; sourceTree = "<group>"; };
		E79A97FC29E57F8B0099B9A6 /* AddCritterView.swift */ = {isa = PBXFileReference; lastKnownFileType = sourcecode.swift; path = AddCritterView.swift; sourceTree = "<group>"; };
/* End PBXFileReference section */

/* Begin PBXFrameworksBuildPhase section */
		E7347AB229E3A482005240A1 /* Frameworks */ = {
			isa = PBXFrameworksBuildPhase;
			buildActionMask = 2147483647;
			files = (
			);
			runOnlyForDeploymentPostprocessing = 0;
		};
		E7347AC229E3A483005240A1 /* Frameworks */ = {
			isa = PBXFrameworksBuildPhase;
			buildActionMask = 2147483647;
			files = (
			);
			runOnlyForDeploymentPostprocessing = 0;
		};
		E7347ACC29E3A483005240A1 /* Frameworks */ = {
			isa = PBXFrameworksBuildPhase;
			buildActionMask = 2147483647;
			files = (
			);
			runOnlyForDeploymentPostprocessing = 0;
		};
/* End PBXFrameworksBuildPhase section */

/* Begin PBXGroup section */
		E731DCAA29EE1E0800F15C3A /* AddCritter */ = {
			isa = PBXGroup;
			children = (
				E79A97FC29E57F8B0099B9A6 /* AddCritterView.swift */,
			);
			path = AddCritter;
			sourceTree = "<group>";
		};
		E731DCAD29F01C5B00F15C3A /* CritterDetailView */ = {
			isa = PBXGroup;
			children = (
				E731DCB629F042AE00F15C3A /* OptionViews */,
				E731DCAE29F01F4500F15C3A /* CritterDetailsView.swift */,
				E731DCB029F027F700F15C3A /* CritterTaskTab.swift */,
				E731DCB229F0281000F15C3A /* CritterOptionsTab.swift */,
				E731DCB429F0289600F15C3A /* CritterDetailTab.swift */,
			);
			path = CritterDetailView;
			sourceTree = "<group>";
		};
		E731DCB629F042AE00F15C3A /* OptionViews */ = {
			isa = PBXGroup;
			children = (
				E731DCB729F042BF00F15C3A /* AgeOptionView.swift */,
			);
			path = OptionViews;
			sourceTree = "<group>";
		};
		E7347AAC29E3A482005240A1 = {
			isa = PBXGroup;
			children = (
				E79A97EF29E436770099B9A6 /* Extensions */,
				E79A97EB29E431600099B9A6 /* ViewModel */,
				E79A97EA29E431550099B9A6 /* Models */,
				E79A97E929E431440099B9A6 /* Views */,
				E7347AB729E3A483005240A1 /* Critter Log */,
				E7347AC829E3A483005240A1 /* Critter LogTests */,
				E7347AD229E3A483005240A1 /* Critter LogUITests */,
				E7347AB629E3A483005240A1 /* Products */,
			);
			sourceTree = "<group>";
		};
		E7347AB629E3A483005240A1 /* Products */ = {
			isa = PBXGroup;
			children = (
				E7347AB529E3A483005240A1 /* Critter Log.app */,
				E7347AC529E3A483005240A1 /* Critter LogTests.xctest */,
				E7347ACF29E3A483005240A1 /* Critter LogUITests.xctest */,
			);
			name = Products;
			sourceTree = "<group>";
		};
		E7347AB729E3A483005240A1 /* Critter Log */ = {
			isa = PBXGroup;
			children = (
				E7347AB829E3A483005240A1 /* Critter_LogApp.swift */,
				E7347ABA29E3A483005240A1 /* ContentView.swift */,
				E7347ABC29E3A483005240A1 /* Assets.xcassets */,
				E7347ABE29E3A483005240A1 /* Preview Content */,
			);
			path = "Critter Log";
			sourceTree = "<group>";
		};
		E7347ABE29E3A483005240A1 /* Preview Content */ = {
			isa = PBXGroup;
			children = (
				E7347ABF29E3A483005240A1 /* Preview Assets.xcassets */,
			);
			path = "Preview Content";
			sourceTree = "<group>";
		};
		E7347AC829E3A483005240A1 /* Critter LogTests */ = {
			isa = PBXGroup;
			children = (
				E7347AC929E3A483005240A1 /* Critter_LogTests.swift */,
			);
			path = "Critter LogTests";
			sourceTree = "<group>";
		};
		E7347AD229E3A483005240A1 /* Critter LogUITests */ = {
			isa = PBXGroup;
			children = (
				E7347AD329E3A483005240A1 /* Critter_LogUITests.swift */,
				E7347AD529E3A483005240A1 /* Critter_LogUITestsLaunchTests.swift */,
			);
			path = "Critter LogUITests";
			sourceTree = "<group>";
		};
		E79A97E929E431440099B9A6 /* Views */ = {
			isa = PBXGroup;
			children = (
				E731DCAD29F01C5B00F15C3A /* CritterDetailView */,
				E731DCAA29EE1E0800F15C3A /* AddCritter */,
				E79A97EC29E436490099B9A6 /* CritterView */,
			);
			path = Views;
			sourceTree = "<group>";
		};
		E79A97EA29E431550099B9A6 /* Models */ = {
			isa = PBXGroup;
			children = (
				E79A97F229E43E240099B9A6 /* Constants.swift */,
				E79A97F629E459C90099B9A6 /* Critter.swift */,
				E79A97F829E45A050099B9A6 /* CritterData.swift */,
				E731DCA429ECC69D00F15C3A /* CritterImage.swift */,
			);
			path = Models;
			sourceTree = "<group>";
		};
		E79A97EB29E431600099B9A6 /* ViewModel */ = {
			isa = PBXGroup;
			children = (
				E731DCA229ECC5FE00F15C3A /* CritterViewModel.swift */,
				E731DCAB29EE21B400F15C3A /* AddCritterViewModel.swift */,
			);
			path = ViewModel;
			sourceTree = "<group>";
		};
		E79A97EC29E436490099B9A6 /* CritterView */ = {
			isa = PBXGroup;
			children = (
				E79A97ED29E4365D0099B9A6 /* CritterView.swift */,
				E79A97F429E448730099B9A6 /* CritterViewHeader.swift */,
				E731DC8F29E5F1F600F15C3A /* CritterCellView.swift */,
			);
			path = CritterView;
			sourceTree = "<group>";
		};
		E79A97EF29E436770099B9A6 /* Extensions */ = {
			isa = PBXGroup;
			children = (
				E79A97F029E436950099B9A6 /* FileManager.swift */,
			);
			path = Extensions;
			sourceTree = "<group>";
		};
/* End PBXGroup section */

/* Begin PBXNativeTarget section */
		E7347AB429E3A482005240A1 /* Critter Log */ = {
			isa = PBXNativeTarget;
			buildConfigurationList = E7347AD929E3A483005240A1 /* Build configuration list for PBXNativeTarget "Critter Log" */;
			buildPhases = (
				E7347AB129E3A482005240A1 /* Sources */,
				E7347AB229E3A482005240A1 /* Frameworks */,
				E7347AB329E3A482005240A1 /* Resources */,
				E7347AE229E3AA33005240A1 /* Swift Lint */,
			);
			buildRules = (
			);
			dependencies = (
			);
			name = "Critter Log";
			productName = "Critter Log";
			productReference = E7347AB529E3A483005240A1 /* Critter Log.app */;
			productType = "com.apple.product-type.application";
		};
		E7347AC429E3A483005240A1 /* Critter LogTests */ = {
			isa = PBXNativeTarget;
			buildConfigurationList = E7347ADC29E3A483005240A1 /* Build configuration list for PBXNativeTarget "Critter LogTests" */;
			buildPhases = (
				E7347AC129E3A483005240A1 /* Sources */,
				E7347AC229E3A483005240A1 /* Frameworks */,
				E7347AC329E3A483005240A1 /* Resources */,
			);
			buildRules = (
			);
			dependencies = (
				E7347AC729E3A483005240A1 /* PBXTargetDependency */,
			);
			name = "Critter LogTests";
			productName = "Critter LogTests";
			productReference = E7347AC529E3A483005240A1 /* Critter LogTests.xctest */;
			productType = "com.apple.product-type.bundle.unit-test";
		};
		E7347ACE29E3A483005240A1 /* Critter LogUITests */ = {
			isa = PBXNativeTarget;
			buildConfigurationList = E7347ADF29E3A483005240A1 /* Build configuration list for PBXNativeTarget "Critter LogUITests" */;
			buildPhases = (
				E7347ACB29E3A483005240A1 /* Sources */,
				E7347ACC29E3A483005240A1 /* Frameworks */,
				E7347ACD29E3A483005240A1 /* Resources */,
			);
			buildRules = (
			);
			dependencies = (
				E7347AD129E3A483005240A1 /* PBXTargetDependency */,
			);
			name = "Critter LogUITests";
			productName = "Critter LogUITests";
			productReference = E7347ACF29E3A483005240A1 /* Critter LogUITests.xctest */;
			productType = "com.apple.product-type.bundle.ui-testing";
		};
/* End PBXNativeTarget section */

/* Begin PBXProject section */
		E7347AAD29E3A482005240A1 /* Project object */ = {
			isa = PBXProject;
			attributes = {
				BuildIndependentTargetsInParallel = 1;
				LastSwiftUpdateCheck = 1430;
				LastUpgradeCheck = 1430;
				TargetAttributes = {
					E7347AB429E3A482005240A1 = {
						CreatedOnToolsVersion = 14.3;
					};
					E7347AC429E3A483005240A1 = {
						CreatedOnToolsVersion = 14.3;
						TestTargetID = E7347AB429E3A482005240A1;
					};
					E7347ACE29E3A483005240A1 = {
						CreatedOnToolsVersion = 14.3;
						TestTargetID = E7347AB429E3A482005240A1;
					};
				};
			};
			buildConfigurationList = E7347AB029E3A482005240A1 /* Build configuration list for PBXProject "Critter Log" */;
			compatibilityVersion = "Xcode 14.0";
			developmentRegion = en;
			hasScannedForEncodings = 0;
			knownRegions = (
				en,
				Base,
			);
			mainGroup = E7347AAC29E3A482005240A1;
			productRefGroup = E7347AB629E3A483005240A1 /* Products */;
			projectDirPath = "";
			projectRoot = "";
			targets = (
				E7347AB429E3A482005240A1 /* Critter Log */,
				E7347AC429E3A483005240A1 /* Critter LogTests */,
				E7347ACE29E3A483005240A1 /* Critter LogUITests */,
			);
		};
/* End PBXProject section */

/* Begin PBXResourcesBuildPhase section */
		E7347AB329E3A482005240A1 /* Resources */ = {
			isa = PBXResourcesBuildPhase;
			buildActionMask = 2147483647;
			files = (
				E7347AC029E3A483005240A1 /* Preview Assets.xcassets in Resources */,
				E7347ABD29E3A483005240A1 /* Assets.xcassets in Resources */,
			);
			runOnlyForDeploymentPostprocessing = 0;
		};
		E7347AC329E3A483005240A1 /* Resources */ = {
			isa = PBXResourcesBuildPhase;
			buildActionMask = 2147483647;
			files = (
			);
			runOnlyForDeploymentPostprocessing = 0;
		};
		E7347ACD29E3A483005240A1 /* Resources */ = {
			isa = PBXResourcesBuildPhase;
			buildActionMask = 2147483647;
			files = (
			);
			runOnlyForDeploymentPostprocessing = 0;
		};
/* End PBXResourcesBuildPhase section */

/* Begin PBXShellScriptBuildPhase section */
		E7347AE229E3AA33005240A1 /* Swift Lint */ = {
			isa = PBXShellScriptBuildPhase;
			buildActionMask = 2147483647;
			files = (
			);
			inputFileListPaths = (
			);
			inputPaths = (
			);
			name = "Swift Lint";
			outputFileListPaths = (
			);
			outputPaths = (
			);
			runOnlyForDeploymentPostprocessing = 0;
			shellPath = /bin/sh;
			shellScript = "export PATH=\"$PATH:/opt/homebrew/bin\"\nif which swiftlint > /dev/null; then\n  swiftlint\nelse\n  echo \"warning: SwiftLint not installed, download from https://github.com/realm/SwiftLint\"\nfi\n\n";
		};
/* End PBXShellScriptBuildPhase section */

/* Begin PBXSourcesBuildPhase section */
		E7347AB129E3A482005240A1 /* Sources */ = {
			isa = PBXSourcesBuildPhase;
			buildActionMask = 2147483647;
			files = (
				E79A97FD29E57F8B0099B9A6 /* AddCritterView.swift in Sources */,
				E731DCA529ECC69D00F15C3A /* CritterImage.swift in Sources */,
				E79A97F529E448730099B9A6 /* CritterViewHeader.swift in Sources */,
				E731DC9029E5F1F600F15C3A /* CritterCellView.swift in Sources */,
				E731DCA329ECC5FE00F15C3A /* CritterViewModel.swift in Sources */,
				E79A97F329E43E240099B9A6 /* Constants.swift in Sources */,
				E7347ABB29E3A483005240A1 /* ContentView.swift in Sources */,
				E731DCB329F0281000F15C3A /* CritterOptionsTab.swift in Sources */,
				E731DCAC29EE21B400F15C3A /* AddCritterViewModel.swift in Sources */,
				E79A97F929E45A050099B9A6 /* CritterData.swift in Sources */,
				E731DCB829F042BF00F15C3A /* AgeOptionView.swift in Sources */,
				E731DCAF29F01F4500F15C3A /* CritterDetailsView.swift in Sources */,
				E79A97EE29E4365D0099B9A6 /* CritterView.swift in Sources */,
				E79A97F729E459C90099B9A6 /* Critter.swift in Sources */,
				E731DCB529F0289600F15C3A /* CritterDetailTab.swift in Sources */,
				E7347AB929E3A483005240A1 /* Critter_LogApp.swift in Sources */,
				E79A97F129E436950099B9A6 /* FileManager.swift in Sources */,
				E731DCB129F027F700F15C3A /* CritterTaskTab.swift in Sources */,
			);
			runOnlyForDeploymentPostprocessing = 0;
		};
		E7347AC129E3A483005240A1 /* Sources */ = {
			isa = PBXSourcesBuildPhase;
			buildActionMask = 2147483647;
			files = (
				E7347ACA29E3A483005240A1 /* Critter_LogTests.swift in Sources */,
			);
			runOnlyForDeploymentPostprocessing = 0;
		};
		E7347ACB29E3A483005240A1 /* Sources */ = {
			isa = PBXSourcesBuildPhase;
			buildActionMask = 2147483647;
			files = (
				E7347AD429E3A483005240A1 /* Critter_LogUITests.swift in Sources */,
				E7347AD629E3A483005240A1 /* Critter_LogUITestsLaunchTests.swift in Sources */,
			);
			runOnlyForDeploymentPostprocessing = 0;
		};
/* End PBXSourcesBuildPhase section */

/* Begin PBXTargetDependency section */
		E7347AC729E3A483005240A1 /* PBXTargetDependency */ = {
			isa = PBXTargetDependency;
			target = E7347AB429E3A482005240A1 /* Critter Log */;
			targetProxy = E7347AC629E3A483005240A1 /* PBXContainerItemProxy */;
		};
		E7347AD129E3A483005240A1 /* PBXTargetDependency */ = {
			isa = PBXTargetDependency;
			target = E7347AB429E3A482005240A1 /* Critter Log */;
			targetProxy = E7347AD029E3A483005240A1 /* PBXContainerItemProxy */;
		};
/* End PBXTargetDependency section */

/* Begin XCBuildConfiguration section */
		E7347AD729E3A483005240A1 /* Debug */ = {
			isa = XCBuildConfiguration;
			buildSettings = {
				ALWAYS_SEARCH_USER_PATHS = NO;
				CLANG_ANALYZER_NONNULL = YES;
				CLANG_ANALYZER_NUMBER_OBJECT_CONVERSION = YES_AGGRESSIVE;
				CLANG_CXX_LANGUAGE_STANDARD = "gnu++20";
				CLANG_ENABLE_MODULES = YES;
				CLANG_ENABLE_OBJC_ARC = YES;
				CLANG_ENABLE_OBJC_WEAK = YES;
				CLANG_WARN_BLOCK_CAPTURE_AUTORELEASING = YES;
				CLANG_WARN_BOOL_CONVERSION = YES;
				CLANG_WARN_COMMA = YES;
				CLANG_WARN_CONSTANT_CONVERSION = YES;
				CLANG_WARN_DEPRECATED_OBJC_IMPLEMENTATIONS = YES;
				CLANG_WARN_DIRECT_OBJC_ISA_USAGE = YES_ERROR;
				CLANG_WARN_DOCUMENTATION_COMMENTS = YES;
				CLANG_WARN_EMPTY_BODY = YES;
				CLANG_WARN_ENUM_CONVERSION = YES;
				CLANG_WARN_INFINITE_RECURSION = YES;
				CLANG_WARN_INT_CONVERSION = YES;
				CLANG_WARN_NON_LITERAL_NULL_CONVERSION = YES;
				CLANG_WARN_OBJC_IMPLICIT_RETAIN_SELF = YES;
				CLANG_WARN_OBJC_LITERAL_CONVERSION = YES;
				CLANG_WARN_OBJC_ROOT_CLASS = YES_ERROR;
				CLANG_WARN_QUOTED_INCLUDE_IN_FRAMEWORK_HEADER = YES;
				CLANG_WARN_RANGE_LOOP_ANALYSIS = YES;
				CLANG_WARN_STRICT_PROTOTYPES = YES;
				CLANG_WARN_SUSPICIOUS_MOVE = YES;
				CLANG_WARN_UNGUARDED_AVAILABILITY = YES_AGGRESSIVE;
				CLANG_WARN_UNREACHABLE_CODE = YES;
				CLANG_WARN__DUPLICATE_METHOD_MATCH = YES;
				COPY_PHASE_STRIP = NO;
				DEBUG_INFORMATION_FORMAT = dwarf;
				ENABLE_STRICT_OBJC_MSGSEND = YES;
				ENABLE_TESTABILITY = YES;
				GCC_C_LANGUAGE_STANDARD = gnu11;
				GCC_DYNAMIC_NO_PIC = NO;
				GCC_NO_COMMON_BLOCKS = YES;
				GCC_OPTIMIZATION_LEVEL = 0;
				GCC_PREPROCESSOR_DEFINITIONS = (
					"DEBUG=1",
					"$(inherited)",
				);
				GCC_WARN_64_TO_32_BIT_CONVERSION = YES;
				GCC_WARN_ABOUT_RETURN_TYPE = YES_ERROR;
				GCC_WARN_UNDECLARED_SELECTOR = YES;
				GCC_WARN_UNINITIALIZED_AUTOS = YES_AGGRESSIVE;
				GCC_WARN_UNUSED_FUNCTION = YES;
				GCC_WARN_UNUSED_VARIABLE = YES;
				IPHONEOS_DEPLOYMENT_TARGET = 16.4;
				MTL_ENABLE_DEBUG_INFO = INCLUDE_SOURCE;
				MTL_FAST_MATH = YES;
				ONLY_ACTIVE_ARCH = YES;
				SDKROOT = iphoneos;
				SWIFT_ACTIVE_COMPILATION_CONDITIONS = DEBUG;
				SWIFT_OPTIMIZATION_LEVEL = "-Onone";
			};
			name = Debug;
		};
		E7347AD829E3A483005240A1 /* Release */ = {
			isa = XCBuildConfiguration;
			buildSettings = {
				ALWAYS_SEARCH_USER_PATHS = NO;
				CLANG_ANALYZER_NONNULL = YES;
				CLANG_ANALYZER_NUMBER_OBJECT_CONVERSION = YES_AGGRESSIVE;
				CLANG_CXX_LANGUAGE_STANDARD = "gnu++20";
				CLANG_ENABLE_MODULES = YES;
				CLANG_ENABLE_OBJC_ARC = YES;
				CLANG_ENABLE_OBJC_WEAK = YES;
				CLANG_WARN_BLOCK_CAPTURE_AUTORELEASING = YES;
				CLANG_WARN_BOOL_CONVERSION = YES;
				CLANG_WARN_COMMA = YES;
				CLANG_WARN_CONSTANT_CONVERSION = YES;
				CLANG_WARN_DEPRECATED_OBJC_IMPLEMENTATIONS = YES;
				CLANG_WARN_DIRECT_OBJC_ISA_USAGE = YES_ERROR;
				CLANG_WARN_DOCUMENTATION_COMMENTS = YES;
				CLANG_WARN_EMPTY_BODY = YES;
				CLANG_WARN_ENUM_CONVERSION = YES;
				CLANG_WARN_INFINITE_RECURSION = YES;
				CLANG_WARN_INT_CONVERSION = YES;
				CLANG_WARN_NON_LITERAL_NULL_CONVERSION = YES;
				CLANG_WARN_OBJC_IMPLICIT_RETAIN_SELF = YES;
				CLANG_WARN_OBJC_LITERAL_CONVERSION = YES;
				CLANG_WARN_OBJC_ROOT_CLASS = YES_ERROR;
				CLANG_WARN_QUOTED_INCLUDE_IN_FRAMEWORK_HEADER = YES;
				CLANG_WARN_RANGE_LOOP_ANALYSIS = YES;
				CLANG_WARN_STRICT_PROTOTYPES = YES;
				CLANG_WARN_SUSPICIOUS_MOVE = YES;
				CLANG_WARN_UNGUARDED_AVAILABILITY = YES_AGGRESSIVE;
				CLANG_WARN_UNREACHABLE_CODE = YES;
				CLANG_WARN__DUPLICATE_METHOD_MATCH = YES;
				COPY_PHASE_STRIP = NO;
				DEBUG_INFORMATION_FORMAT = "dwarf-with-dsym";
				ENABLE_NS_ASSERTIONS = NO;
				ENABLE_STRICT_OBJC_MSGSEND = YES;
				GCC_C_LANGUAGE_STANDARD = gnu11;
				GCC_NO_COMMON_BLOCKS = YES;
				GCC_WARN_64_TO_32_BIT_CONVERSION = YES;
				GCC_WARN_ABOUT_RETURN_TYPE = YES_ERROR;
				GCC_WARN_UNDECLARED_SELECTOR = YES;
				GCC_WARN_UNINITIALIZED_AUTOS = YES_AGGRESSIVE;
				GCC_WARN_UNUSED_FUNCTION = YES;
				GCC_WARN_UNUSED_VARIABLE = YES;
				IPHONEOS_DEPLOYMENT_TARGET = 16.4;
				MTL_ENABLE_DEBUG_INFO = NO;
				MTL_FAST_MATH = YES;
				SDKROOT = iphoneos;
				SWIFT_COMPILATION_MODE = wholemodule;
				SWIFT_OPTIMIZATION_LEVEL = "-O";
				VALIDATE_PRODUCT = YES;
			};
			name = Release;
		};
		E7347ADA29E3A483005240A1 /* Debug */ = {
			isa = XCBuildConfiguration;
			buildSettings = {
				ASSETCATALOG_COMPILER_APPICON_NAME = AppIcon;
				ASSETCATALOG_COMPILER_GLOBAL_ACCENT_COLOR_NAME = AccentColor;
				CODE_SIGN_STYLE = Automatic;
				CURRENT_PROJECT_VERSION = 1;
				DEVELOPMENT_ASSET_PATHS = "\"Critter Log/Preview Content\"";
				DEVELOPMENT_TEAM = 4PUEC845K7;
				ENABLE_PREVIEWS = YES;
				GENERATE_INFOPLIST_FILE = YES;
				INFOPLIST_KEY_UIApplicationSceneManifest_Generation = YES;
				INFOPLIST_KEY_UIApplicationSupportsIndirectInputEvents = YES;
				INFOPLIST_KEY_UILaunchScreen_Generation = YES;
				INFOPLIST_KEY_UISupportedInterfaceOrientations_iPad = "UIInterfaceOrientationPortrait UIInterfaceOrientationPortraitUpsideDown UIInterfaceOrientationLandscapeLeft UIInterfaceOrientationLandscapeRight";
				INFOPLIST_KEY_UISupportedInterfaceOrientations_iPhone = "UIInterfaceOrientationPortrait UIInterfaceOrientationLandscapeLeft UIInterfaceOrientationLandscapeRight";
				LD_RUNPATH_SEARCH_PATHS = (
					"$(inherited)",
					"@executable_path/Frameworks",
				);
				MARKETING_VERSION = 1.0;
				PRODUCT_BUNDLE_IDENTIFIER = "com.gdovindesigns.Critter-Log";
				PRODUCT_NAME = "$(TARGET_NAME)";
				SWIFT_EMIT_LOC_STRINGS = YES;
				SWIFT_VERSION = 5.0;
				TARGETED_DEVICE_FAMILY = "1,2";
			};
			name = Debug;
		};
		E7347ADB29E3A483005240A1 /* Release */ = {
			isa = XCBuildConfiguration;
			buildSettings = {
				ASSETCATALOG_COMPILER_APPICON_NAME = AppIcon;
				ASSETCATALOG_COMPILER_GLOBAL_ACCENT_COLOR_NAME = AccentColor;
				CODE_SIGN_STYLE = Automatic;
				CURRENT_PROJECT_VERSION = 1;
				DEVELOPMENT_ASSET_PATHS = "\"Critter Log/Preview Content\"";
				DEVELOPMENT_TEAM = 4PUEC845K7;
				ENABLE_PREVIEWS = YES;
				GENERATE_INFOPLIST_FILE = YES;
				INFOPLIST_KEY_UIApplicationSceneManifest_Generation = YES;
				INFOPLIST_KEY_UIApplicationSupportsIndirectInputEvents = YES;
				INFOPLIST_KEY_UILaunchScreen_Generation = YES;
				INFOPLIST_KEY_UISupportedInterfaceOrientations_iPad = "UIInterfaceOrientationPortrait UIInterfaceOrientationPortraitUpsideDown UIInterfaceOrientationLandscapeLeft UIInterfaceOrientationLandscapeRight";
				INFOPLIST_KEY_UISupportedInterfaceOrientations_iPhone = "UIInterfaceOrientationPortrait UIInterfaceOrientationLandscapeLeft UIInterfaceOrientationLandscapeRight";
				LD_RUNPATH_SEARCH_PATHS = (
					"$(inherited)",
					"@executable_path/Frameworks",
				);
				MARKETING_VERSION = 1.0;
				PRODUCT_BUNDLE_IDENTIFIER = "com.gdovindesigns.Critter-Log";
				PRODUCT_NAME = "$(TARGET_NAME)";
				SWIFT_EMIT_LOC_STRINGS = YES;
				SWIFT_VERSION = 5.0;
				TARGETED_DEVICE_FAMILY = "1,2";
			};
			name = Release;
		};
		E7347ADD29E3A483005240A1 /* Debug */ = {
			isa = XCBuildConfiguration;
			buildSettings = {
				ALWAYS_EMBED_SWIFT_STANDARD_LIBRARIES = YES;
				BUNDLE_LOADER = "$(TEST_HOST)";
				CODE_SIGN_STYLE = Automatic;
				CURRENT_PROJECT_VERSION = 1;
				DEVELOPMENT_TEAM = 4PUEC845K7;
				GENERATE_INFOPLIST_FILE = YES;
				IPHONEOS_DEPLOYMENT_TARGET = 16.4;
				MARKETING_VERSION = 1.0;
				PRODUCT_BUNDLE_IDENTIFIER = "com.gdovindesigns.Critter-LogTests";
				PRODUCT_NAME = "$(TARGET_NAME)";
				SWIFT_EMIT_LOC_STRINGS = NO;
				SWIFT_VERSION = 5.0;
				TARGETED_DEVICE_FAMILY = "1,2";
				TEST_HOST = "$(BUILT_PRODUCTS_DIR)/Critter Log.app/$(BUNDLE_EXECUTABLE_FOLDER_PATH)/Critter Log";
			};
			name = Debug;
		};
		E7347ADE29E3A483005240A1 /* Release */ = {
			isa = XCBuildConfiguration;
			buildSettings = {
				ALWAYS_EMBED_SWIFT_STANDARD_LIBRARIES = YES;
				BUNDLE_LOADER = "$(TEST_HOST)";
				CODE_SIGN_STYLE = Automatic;
				CURRENT_PROJECT_VERSION = 1;
				DEVELOPMENT_TEAM = 4PUEC845K7;
				GENERATE_INFOPLIST_FILE = YES;
				IPHONEOS_DEPLOYMENT_TARGET = 16.4;
				MARKETING_VERSION = 1.0;
				PRODUCT_BUNDLE_IDENTIFIER = "com.gdovindesigns.Critter-LogTests";
				PRODUCT_NAME = "$(TARGET_NAME)";
				SWIFT_EMIT_LOC_STRINGS = NO;
				SWIFT_VERSION = 5.0;
				TARGETED_DEVICE_FAMILY = "1,2";
				TEST_HOST = "$(BUILT_PRODUCTS_DIR)/Critter Log.app/$(BUNDLE_EXECUTABLE_FOLDER_PATH)/Critter Log";
			};
			name = Release;
		};
		E7347AE029E3A483005240A1 /* Debug */ = {
			isa = XCBuildConfiguration;
			buildSettings = {
				ALWAYS_EMBED_SWIFT_STANDARD_LIBRARIES = YES;
				CODE_SIGN_STYLE = Automatic;
				CURRENT_PROJECT_VERSION = 1;
				DEVELOPMENT_TEAM = 4PUEC845K7;
				GENERATE_INFOPLIST_FILE = YES;
				MARKETING_VERSION = 1.0;
				PRODUCT_BUNDLE_IDENTIFIER = "com.gdovindesigns.Critter-LogUITests";
				PRODUCT_NAME = "$(TARGET_NAME)";
				SWIFT_EMIT_LOC_STRINGS = NO;
				SWIFT_VERSION = 5.0;
				TARGETED_DEVICE_FAMILY = "1,2";
				TEST_TARGET_NAME = "Critter Log";
			};
			name = Debug;
		};
		E7347AE129E3A483005240A1 /* Release */ = {
			isa = XCBuildConfiguration;
			buildSettings = {
				ALWAYS_EMBED_SWIFT_STANDARD_LIBRARIES = YES;
				CODE_SIGN_STYLE = Automatic;
				CURRENT_PROJECT_VERSION = 1;
				DEVELOPMENT_TEAM = 4PUEC845K7;
				GENERATE_INFOPLIST_FILE = YES;
				MARKETING_VERSION = 1.0;
				PRODUCT_BUNDLE_IDENTIFIER = "com.gdovindesigns.Critter-LogUITests";
				PRODUCT_NAME = "$(TARGET_NAME)";
				SWIFT_EMIT_LOC_STRINGS = NO;
				SWIFT_VERSION = 5.0;
				TARGETED_DEVICE_FAMILY = "1,2";
				TEST_TARGET_NAME = "Critter Log";
			};
			name = Release;
		};
/* End XCBuildConfiguration section */

/* Begin XCConfigurationList section */
		E7347AB029E3A482005240A1 /* Build configuration list for PBXProject "Critter Log" */ = {
			isa = XCConfigurationList;
			buildConfigurations = (
				E7347AD729E3A483005240A1 /* Debug */,
				E7347AD829E3A483005240A1 /* Release */,
			);
			defaultConfigurationIsVisible = 0;
			defaultConfigurationName = Release;
		};
		E7347AD929E3A483005240A1 /* Build configuration list for PBXNativeTarget "Critter Log" */ = {
			isa = XCConfigurationList;
			buildConfigurations = (
				E7347ADA29E3A483005240A1 /* Debug */,
				E7347ADB29E3A483005240A1 /* Release */,
			);
			defaultConfigurationIsVisible = 0;
			defaultConfigurationName = Release;
		};
		E7347ADC29E3A483005240A1 /* Build configuration list for PBXNativeTarget "Critter LogTests" */ = {
			isa = XCConfigurationList;
			buildConfigurations = (
				E7347ADD29E3A483005240A1 /* Debug */,
				E7347ADE29E3A483005240A1 /* Release */,
			);
			defaultConfigurationIsVisible = 0;
			defaultConfigurationName = Release;
		};
		E7347ADF29E3A483005240A1 /* Build configuration list for PBXNativeTarget "Critter LogUITests" */ = {
			isa = XCConfigurationList;
			buildConfigurations = (
				E7347AE029E3A483005240A1 /* Debug */,
				E7347AE129E3A483005240A1 /* Release */,
			);
			defaultConfigurationIsVisible = 0;
			defaultConfigurationName = Release;
		};
/* End XCConfigurationList section */
	};
	rootObject = E7347AAD29E3A482005240A1 /* Project object */;
}
